<?xml version="1.0" encoding="UTF-8" standalone="yes" ?>
<CodeBlocks_project_file>
	<FileVersion major="1" minor="6" />
	<Project>
		<Option title="Community_Core_Vision" />
		<Option pch_mode="2" />
		<Option compiler="gcc" />
		<Option virtualFolders="addons/;src/;addons/ofxMjpeg/;addons/ofxThread/;" />
		<Build>
			<Script file="lib_finder.script" />
			<Target title="Debug">
				<Option output="bin/$(PROJECT_NAME)_debug" prefix_auto="1" extension_auto="1" />
				<Option working_dir="bin" />
				<Option object_output="obj/Debug/" />
				<Option external_deps="../../../libs/openFrameworksCompiled/lib/linux64/libopenFrameworksDebug.a;" />
				<Option type="1" />
				<Option compiler="gcc" />
				<Option projectLinkerOptionsRelation="2" />
				<Compiler>
					<Add option="-g" />
					<Add option="-MMD `pkg-config --cflags --libs gstreamer-0.10`" />
				</Compiler>
				<Linker>
					<Add option="-Wl,-rpath=./libs" />
					<Add library="../../../libs/openFrameworksCompiled/lib/linux64/libopenFrameworksDebug.a" />
				</Linker>
			</Target>
			<Target title="Release">
				<Option output="bin/$(PROJECT_NAME)" prefix_auto="1" extension_auto="1" />
				<Option working_dir="bin" />
				<Option object_output="obj/Release/" />
				<Option external_deps="../../../libs/openFrameworksCompiled/lib/linux64/libopenFrameworks.a;" />
				<Option type="1" />
				<Option compiler="gcc" />
				<Option projectLinkerOptionsRelation="2" />
				<Compiler>
					<Add option="-march=core2" />
					<Add option="-O3" />
					<Add option="-MMD" />
				</Compiler>
				<Linker>
					<Add option="-Wl,-rpath=./libs" />
					<Add option="-s" />
					<Add library="openFrameworks" />
				</Linker>
			</Target>
		</Build>
		<Compiler>
			<Add option="-Wall" />
			<Add option="-fexceptions `pkg-config --cflags --libs gstreamer-0.10`" />
			<Add option="-fpermissive" />
			<Add directory="../../../libs/openFrameworks/" />
			<Add directory="../../../libs/openFrameworks/utils" />
			<Add directory="../../../libs/glee/include" />
			<Add directory="../../../libs/openFrameworks/communication" />
			<Add directory="../../../libs/openFrameworks/graphics" />
			<Add directory="../../../libs/openFrameworks/app" />
			<Add directory="../../../libs/openFrameworks/audio" />
			<Add directory="../../../libs/openFrameworks/video" />
			<Add directory="../../../libs/openFrameworks/events" />
			<Add directory="../../../libs/poco/include" />
			<Add directory="../../../libs/openFrameworks/sound" />
			<Add directory="../../../addons/ofxThread/src/" />
			<Add directory="../../../addons/ofxMjpeg/src" />
		</Compiler>
		<Linker>
			<Add library="fmodex" />
			<Add library="openFrameworks" />
			<Add library="asound" />
			<Add library="PocoNet" />
			<Add library="PocoUtil" />
			<Add library="PocoFoundation" />
			<Add library="glut" />
			<Add library="GL" />
			<Add library="GLU" />
			<Add library="freeimage" />
			<Add library="RtAudio" />
			<Add library="GLee" />
			<Add library="pthread" />
			<Add directory="../../../libs/openFrameworksCompiled/lib/linux64" />
			<Add directory="../../../libs/poco/lib/linux64" />
			<Add directory="../../../libs/glee/lib/linux64" />
			<Add directory="../../../libs/fmodex/lib/linux64" />
			<Add directory="../../../libs/rtAudio/lib/linux64" />
		</Linker>
		<ExtraCommands>
			<Add after="#" />
			<Add after="#      copy libs and shell script to bin directory:" />
			<Add after="#" />
			<Add after="cp -r ../../../export/linux64/libs $(PROJECT_DIR)bin/" />
			<Mode after="always" />
		</ExtraCommands>
		<Unit filename="../../../addons/ofxMjpeg/src/ofxMJPEG.h">
			<Option virtualFolder="addons/ofxMjpeg/" />
		</Unit>
		<Unit filename="../../../addons/ofxMjpeg/src/ofxMJPEGClient.cpp">
			<Option virtualFolder="addons/ofxMjpeg/" />
		</Unit>
		<Unit filename="../../../addons/ofxMjpeg/src/ofxMJPEGClient.h">
			<Option virtualFolder="addons/ofxMjpeg/" />
		</Unit>
		<Unit filename="../../../addons/ofxMjpeg/src/ofxMJPEGConverter.cpp">
			<Option virtualFolder="addons/ofxMjpeg/" />
		</Unit>
		<Unit filename="../../../addons/ofxMjpeg/src/ofxMJPEGConverter.h">
			<Option virtualFolder="addons/ofxMjpeg/" />
		</Unit>
		<Unit filename="../../../addons/ofxMjpeg/src/ofxMJPEGImage.cpp">
			<Option virtualFolder="addons/ofxMjpeg/" />
		</Unit>
		<Unit filename="../../../addons/ofxMjpeg/src/ofxMJPEGImage.h">
			<Option virtualFolder="addons/ofxMjpeg/" />
		</Unit>
		<Unit filename="../../../addons/ofxMjpeg/src/ofxMJPEGReader.cpp">
			<Option virtualFolder="addons/ofxMjpeg/" />
		</Unit>
		<Unit filename="../../../addons/ofxMjpeg/src/ofxMJPEGReader.h">
			<Option virtualFolder="addons/ofxMjpeg/" />
		</Unit>
		<Unit filename="../../../addons/ofxThread/src/ofxThread.cpp">
			<Option virtualFolder="addons/ofxThread/" />
		</Unit>
		<Unit filename="../../../addons/ofxThread/src/ofxThread.h">
			<Option virtualFolder="addons/ofxThread/" />
		</Unit>
		<Unit filename="src/main.cpp">
			<Option virtualFolder="src/" />
		</Unit>
		<Unit filename="src/testApp.cpp">
			<Option virtualFolder="src/" />
		</Unit>
		<Unit filename="src/testApp.h">
			<Option virtualFolder="src/" />
		</Unit>
		<Extensions>
			<lib_finder disable_auto="1">
				<lib name="gstreamer-0.10" />
				<lib name="gstreamer-video-0.10" />
				<lib name="gstreamer-base-0.10" />
				<lib name="libudev" />
				<lib name="libunicap" />
			</lib_finder>
			<code_completion />
			<envvars />
			<debugger />
		</Extensions>
	</Project>
</CodeBlocks_project_file>
